
Microsoft Visual Studio Solution File, Format Version 12.00
# Visual Studio Version 17
VisualStudioVersion = 17.0.31903.59
MinimumVisualStudioVersion = 10.0.40219.1
Project("{FAE04EC0-301F-11D3-BF4B-00C04F79EFBC}") = "Cataloger.API", "Cataloger.API\Cataloger.API.csproj", "{B1A904E8-4A1A-4E3E-A257-DEC3917E5EBA}"
EndProject
Project("{FAE04EC0-301F-11D3-BF4B-00C04F79EFBC}") = "Cataloger.Models", "Cataloger.Models\Cataloger.Models.csproj", "{86CF1B7C-9261-4B7C-A834-0654AB229680}"
EndProject
Project("{FAE04EC0-301F-11D3-BF4B-00C04F79EFBC}") = "Cataloger.DataAccess.Postgres", "Cataloger.DataAccess.Postgres\Cataloger.DataAccess.Postgres.csproj", "{477B016B-4099-474E-9ED4-C3F1E3035DB3}"
EndProject
Global
	GlobalSection(SolutionConfigurationPlatforms) = preSolution
		Debug|Any CPU = Debug|Any CPU
		Release|Any CPU = Release|Any CPU
	EndGlobalSection
	GlobalSection(SolutionProperties) = preSolution
		HideSolutionNode = FALSE
	EndGlobalSection
	GlobalSection(ProjectConfigurationPlatforms) = postSolution
		{B1A904E8-4A1A-4E3E-A257-DEC3917E5EBA}.Debug|Any CPU.ActiveCfg = Debug|Any CPU
		{B1A904E8-4A1A-4E3E-A257-DEC3917E5EBA}.Debug|Any CPU.Build.0 = Debug|Any CPU
		{B1A904E8-4A1A-4E3E-A257-DEC3917E5EBA}.Release|Any CPU.ActiveCfg = Release|Any CPU
		{B1A904E8-4A1A-4E3E-A257-DEC3917E5EBA}.Release|Any CPU.Build.0 = Release|Any CPU
		{86CF1B7C-9261-4B7C-A834-0654AB229680}.Debug|Any CPU.ActiveCfg = Debug|Any CPU
		{86CF1B7C-9261-4B7C-A834-0654AB229680}.Debug|Any CPU.Build.0 = Debug|Any CPU
		{86CF1B7C-9261-4B7C-A834-0654AB229680}.Release|Any CPU.ActiveCfg = Release|Any CPU
		{86CF1B7C-9261-4B7C-A834-0654AB229680}.Release|Any CPU.Build.0 = Release|Any CPU
		{477B016B-4099-474E-9ED4-C3F1E3035DB3}.Debug|Any CPU.ActiveCfg = Debug|Any CPU
		{477B016B-4099-474E-9ED4-C3F1E3035DB3}.Debug|Any CPU.Build.0 = Debug|Any CPU
		{477B016B-4099-474E-9ED4-C3F1E3035DB3}.Release|Any CPU.ActiveCfg = Release|Any CPU
		{477B016B-4099-474E-9ED4-C3F1E3035DB3}.Release|Any CPU.Build.0 = Release|Any CPU
	EndGlobalSection
EndGlobal
